
Microsoft Visual Studio Solution File, Format Version 12.00
# Visual Studio Version 16
VisualStudioVersion = 16.0.30503.244
MinimumVisualStudioVersion = 10.0.40219.1
Project("{9A19103F-16F7-4668-BE54-9A1E7A4F7556}") = "CobrosApp", "CobrosApp\CobrosApp.csproj", "{948FC080-D26B-43CD-A2E7-4175BAF90840}"
EndProject
Global
	GlobalSection(SolutionConfigurationPlatforms) = preSolution
		Debug|Any CPU = Debug|Any CPU
		Release|Any CPU = Release|Any CPU
	EndGlobalSection
	GlobalSection(ProjectConfigurationPlatforms) = postSolution
		{948FC080-D26B-43CD-A2E7-4175BAF90840}.Debug|Any CPU.ActiveCfg = Debug|Any CPU
		{948FC080-D26B-43CD-A2E7-4175BAF90840}.Debug|Any CPU.Build.0 = Debug|Any CPU
		{948FC080-D26B-43CD-A2E7-4175BAF90840}.Release|Any CPU.ActiveCfg = Release|Any CPU
		{948FC080-D26B-43CD-A2E7-4175BAF90840}.Release|Any CPU.Build.0 = Release|Any CPU
	EndGlobalSection
	GlobalSection(SolutionProperties) = preSolution
		HideSolutionNode = FALSE
	EndGlobalSection
	GlobalSection(ExtensibilityGlobals) = postSolution
		SolutionGuid = {A4E3D50B-354A-45BD-AC7A-18010F44E9D0}
	EndGlobalSection
EndGlobal
